
Microsoft Visual Studio Solution File, Format Version 12.00
# Visual Studio Version 17
VisualStudioVersion = 17.10.35122.118
MinimumVisualStudioVersion = 10.0.40219.1
Project("{9A19103F-16F7-4668-BE54-9A1E7A4F7556}") = "CreateExcel.Web", "CreateExcel.Web\CreateExcel.Web.csproj", "{0876F5D8-02B5-4CD0-83BB-CE2C73148D88}"
EndProject
Project("{FAE04EC0-301F-11D3-BF4B-00C04F79EFBC}") = "CreateExcel.Shared", "CreateExcel.Shared\CreateExcel.Shared.csproj", "{7479CCB9-9275-4C1B-ACC1-00D00328001F}"
EndProject
Project("{FAE04EC0-301F-11D3-BF4B-00C04F79EFBC}") = "CreateExcel.WorkerService", "CreateExcel.WorkerService\CreateExcel.WorkerService.csproj", "{BDBEE140-E8D6-467F-82ED-DD9F75A4D36B}"
EndProject
Global
	GlobalSection(SolutionConfigurationPlatforms) = preSolution
		Debug|Any CPU = Debug|Any CPU
		Release|Any CPU = Release|Any CPU
	EndGlobalSection
	GlobalSection(ProjectConfigurationPlatforms) = postSolution
		{0876F5D8-02B5-4CD0-83BB-CE2C73148D88}.Debug|Any CPU.ActiveCfg = Debug|Any CPU
		{0876F5D8-02B5-4CD0-83BB-CE2C73148D88}.Debug|Any CPU.Build.0 = Debug|Any CPU
		{0876F5D8-02B5-4CD0-83BB-CE2C73148D88}.Release|Any CPU.ActiveCfg = Release|Any CPU
		{0876F5D8-02B5-4CD0-83BB-CE2C73148D88}.Release|Any CPU.Build.0 = Release|Any CPU
		{7479CCB9-9275-4C1B-ACC1-00D00328001F}.Debug|Any CPU.ActiveCfg = Debug|Any CPU
		{7479CCB9-9275-4C1B-ACC1-00D00328001F}.Debug|Any CPU.Build.0 = Debug|Any CPU
		{7479CCB9-9275-4C1B-ACC1-00D00328001F}.Release|Any CPU.ActiveCfg = Release|Any CPU
		{7479CCB9-9275-4C1B-ACC1-00D00328001F}.Release|Any CPU.Build.0 = Release|Any CPU
		{BDBEE140-E8D6-467F-82ED-DD9F75A4D36B}.Debug|Any CPU.ActiveCfg = Debug|Any CPU
		{BDBEE140-E8D6-467F-82ED-DD9F75A4D36B}.Debug|Any CPU.Build.0 = Debug|Any CPU
		{BDBEE140-E8D6-467F-82ED-DD9F75A4D36B}.Release|Any CPU.ActiveCfg = Release|Any CPU
		{BDBEE140-E8D6-467F-82ED-DD9F75A4D36B}.Release|Any CPU.Build.0 = Release|Any CPU
	EndGlobalSection
	GlobalSection(SolutionProperties) = preSolution
		HideSolutionNode = FALSE
	EndGlobalSection
	GlobalSection(ExtensibilityGlobals) = postSolution
		SolutionGuid = {BC3F64FD-9967-40FD-8B56-20C31AC8D5A0}
	EndGlobalSection
EndGlobal
