
Microsoft Visual Studio Solution File, Format Version 12.00
# Visual Studio Version 17
VisualStudioVersion = 17.10.35122.118
MinimumVisualStudioVersion = 10.0.40219.1
Project("{FAE04EC0-301F-11D3-BF4B-00C04F79EFBC}") = "AddWatermark.Web", "AddWatermark.Web\AddWatermark.Web.csproj", "{7325C434-7C24-40AE-9BAF-81112B7EE1FB}"
EndProject
Global
	GlobalSection(SolutionConfigurationPlatforms) = preSolution
		Debug|Any CPU = Debug|Any CPU
		Release|Any CPU = Release|Any CPU
	EndGlobalSection
	GlobalSection(ProjectConfigurationPlatforms) = postSolution
		{7325C434-7C24-40AE-9BAF-81112B7EE1FB}.Debug|Any CPU.ActiveCfg = Debug|Any CPU
		{7325C434-7C24-40AE-9BAF-81112B7EE1FB}.Debug|Any CPU.Build.0 = Debug|Any CPU
		{7325C434-7C24-40AE-9BAF-81112B7EE1FB}.Release|Any CPU.ActiveCfg = Release|Any CPU
		{7325C434-7C24-40AE-9BAF-81112B7EE1FB}.Release|Any CPU.Build.0 = Release|Any CPU
	EndGlobalSection
	GlobalSection(SolutionProperties) = preSolution
		HideSolutionNode = FALSE
	EndGlobalSection
	GlobalSection(ExtensibilityGlobals) = postSolution
		SolutionGuid = {415F00B4-C8BA-4666-9B67-EF73B327CEF9}
	EndGlobalSection
EndGlobal
